
Microsoft Visual Studio Solution File, Format Version 12.00
# Visual Studio Version 17
VisualStudioVersion = 17.14.36414.22
MinimumVisualStudioVersion = 10.0.40219.1
Project("{2150E333-8FDC-42A3-9474-1A3956D46DE8}") = "src", "src", "{02EA681E-C7D8-13C7-8484-4AC65E1B71E8}"
EndProject
Project("{2150E333-8FDC-42A3-9474-1A3956D46DE8}") = "test", "test", "{6D83E3C4-B8CA-4C9F-8DFF-B6091BFAF43F}"
EndProject
Project("{2150E333-8FDC-42A3-9474-1A3956D46DE8}") = "API", "API", "{06F4C5D8-5535-46DB-BC3A-4A49CFAD3C92}"
EndProject
Project("{2150E333-8FDC-42A3-9474-1A3956D46DE8}") = "Core", "Core", "{B80DC028-145A-4ED9-900E-1E4AD5885251}"
EndProject
Project("{2150E333-8FDC-42A3-9474-1A3956D46DE8}") = "Infrastructure", "Infrastructure", "{FD58113E-57E4-484B-BF89-D8A3FEB0F374}"
EndProject
Project("{2150E333-8FDC-42A3-9474-1A3956D46DE8}") = "UI", "UI", "{048E7717-ADEF-4D22-AF86-961A015C7570}"
EndProject
Project("{FAE04EC0-301F-11D3-BF4B-00C04F79EFBC}") = "HR.LeaveManagement.Domain", "HR.LeaveManagement.Domain\HR.LeaveManagement.Domain.csproj", "{15C6E006-8379-46F7-9F3E-F0257A407514}"
EndProject
Project("{FAE04EC0-301F-11D3-BF4B-00C04F79EFBC}") = "HR.LeaveManagement.Application", "HR.LeaveManagement.Application\HR.LeaveManagement.Application.csproj", "{43328A73-5114-4E82-BB33-676F64B699F4}"
EndProject
Project("{FAE04EC0-301F-11D3-BF4B-00C04F79EFBC}") = "HR.LeaveManagement.Persistence", "HR.LeaveManagement.Persistence\HR.LeaveManagement.Persistence.csproj", "{DF4F3A42-6790-4684-AE2E-1975AB29FD74}"
EndProject
Project("{FAE04EC0-301F-11D3-BF4B-00C04F79EFBC}") = "HR.LeaveManagement.Infrastructure", "HR.LeaveManagement.Infrastructure\HR.LeaveManagement.Infrastructure.csproj", "{D2250FE0-9171-454C-BC22-5D9F163F6909}"
EndProject
Project("{FAE04EC0-301F-11D3-BF4B-00C04F79EFBC}") = "HR.LeaveManagement.Api", "HR.LeaveManagement.Api\HR.LeaveManagement.Api.csproj", "{2E9C7032-482B-4FC4-81AD-FA2D888AAF54}"
EndProject
Project("{FAE04EC0-301F-11D3-BF4B-00C04F79EFBC}") = "HR.LeaveManagement.Application.UnitTests", "HR.LeaveManagement.Application.UnitTests\HR.LeaveManagement.Application.UnitTests.csproj", "{B6F1C3CE-C269-4B88-953B-A1DA045560F3}"
EndProject
Project("{FAE04EC0-301F-11D3-BF4B-00C04F79EFBC}") = "HR.LeaveManagement.Persistence.IntegrationTests", "HR.LeaveManagement.Persistence.IntegrationTests\HR.LeaveManagement.Persistence.IntegrationTests.csproj", "{4C0E10FE-824C-46E9-A8E9-81028F2292AB}"
EndProject
Project("{FAE04EC0-301F-11D3-BF4B-00C04F79EFBC}") = "HR.LeaveManagement.BlazorUI", "HR.LeaveManagement.BlazorUI\HR.LeaveManagement.BlazorUI.csproj", "{95ACB7A3-5957-45D8-AF8E-2C10B4459C98}"
EndProject
Global
	GlobalSection(SolutionConfigurationPlatforms) = preSolution
		Debug|Any CPU = Debug|Any CPU
		Release|Any CPU = Release|Any CPU
	EndGlobalSection
	GlobalSection(ProjectConfigurationPlatforms) = postSolution
		{15C6E006-8379-46F7-9F3E-F0257A407514}.Debug|Any CPU.ActiveCfg = Debug|Any CPU
		{15C6E006-8379-46F7-9F3E-F0257A407514}.Debug|Any CPU.Build.0 = Debug|Any CPU
		{15C6E006-8379-46F7-9F3E-F0257A407514}.Release|Any CPU.ActiveCfg = Release|Any CPU
		{15C6E006-8379-46F7-9F3E-F0257A407514}.Release|Any CPU.Build.0 = Release|Any CPU
		{43328A73-5114-4E82-BB33-676F64B699F4}.Debug|Any CPU.ActiveCfg = Debug|Any CPU
		{43328A73-5114-4E82-BB33-676F64B699F4}.Debug|Any CPU.Build.0 = Debug|Any CPU
		{43328A73-5114-4E82-BB33-676F64B699F4}.Release|Any CPU.ActiveCfg = Release|Any CPU
		{43328A73-5114-4E82-BB33-676F64B699F4}.Release|Any CPU.Build.0 = Release|Any CPU
		{DF4F3A42-6790-4684-AE2E-1975AB29FD74}.Debug|Any CPU.ActiveCfg = Debug|Any CPU
		{DF4F3A42-6790-4684-AE2E-1975AB29FD74}.Debug|Any CPU.Build.0 = Debug|Any CPU
		{DF4F3A42-6790-4684-AE2E-1975AB29FD74}.Release|Any CPU.ActiveCfg = Release|Any CPU
		{DF4F3A42-6790-4684-AE2E-1975AB29FD74}.Release|Any CPU.Build.0 = Release|Any CPU
		{D2250FE0-9171-454C-BC22-5D9F163F6909}.Debug|Any CPU.ActiveCfg = Debug|Any CPU
		{D2250FE0-9171-454C-BC22-5D9F163F6909}.Debug|Any CPU.Build.0 = Debug|Any CPU
		{D2250FE0-9171-454C-BC22-5D9F163F6909}.Release|Any CPU.ActiveCfg = Release|Any CPU
		{D2250FE0-9171-454C-BC22-5D9F163F6909}.Release|Any CPU.Build.0 = Release|Any CPU
		{2E9C7032-482B-4FC4-81AD-FA2D888AAF54}.Debug|Any CPU.ActiveCfg = Debug|Any CPU
		{2E9C7032-482B-4FC4-81AD-FA2D888AAF54}.Debug|Any CPU.Build.0 = Debug|Any CPU
		{2E9C7032-482B-4FC4-81AD-FA2D888AAF54}.Release|Any CPU.ActiveCfg = Release|Any CPU
		{2E9C7032-482B-4FC4-81AD-FA2D888AAF54}.Release|Any CPU.Build.0 = Release|Any CPU
		{B6F1C3CE-C269-4B88-953B-A1DA045560F3}.Debug|Any CPU.ActiveCfg = Debug|Any CPU
		{B6F1C3CE-C269-4B88-953B-A1DA045560F3}.Debug|Any CPU.Build.0 = Debug|Any CPU
		{B6F1C3CE-C269-4B88-953B-A1DA045560F3}.Release|Any CPU.ActiveCfg = Release|Any CPU
		{B6F1C3CE-C269-4B88-953B-A1DA045560F3}.Release|Any CPU.Build.0 = Release|Any CPU
		{4C0E10FE-824C-46E9-A8E9-81028F2292AB}.Debug|Any CPU.ActiveCfg = Debug|Any CPU
		{4C0E10FE-824C-46E9-A8E9-81028F2292AB}.Debug|Any CPU.Build.0 = Debug|Any CPU
		{4C0E10FE-824C-46E9-A8E9-81028F2292AB}.Release|Any CPU.ActiveCfg = Release|Any CPU
		{4C0E10FE-824C-46E9-A8E9-81028F2292AB}.Release|Any CPU.Build.0 = Release|Any CPU
		{95ACB7A3-5957-45D8-AF8E-2C10B4459C98}.Debug|Any CPU.ActiveCfg = Debug|Any CPU
		{95ACB7A3-5957-45D8-AF8E-2C10B4459C98}.Debug|Any CPU.Build.0 = Debug|Any CPU
		{95ACB7A3-5957-45D8-AF8E-2C10B4459C98}.Release|Any CPU.ActiveCfg = Release|Any CPU
		{95ACB7A3-5957-45D8-AF8E-2C10B4459C98}.Release|Any CPU.Build.0 = Release|Any CPU
	EndGlobalSection
	GlobalSection(SolutionProperties) = preSolution
		HideSolutionNode = FALSE
	EndGlobalSection
	GlobalSection(NestedProjects) = preSolution
		{06F4C5D8-5535-46DB-BC3A-4A49CFAD3C92} = {02EA681E-C7D8-13C7-8484-4AC65E1B71E8}
		{B80DC028-145A-4ED9-900E-1E4AD5885251} = {02EA681E-C7D8-13C7-8484-4AC65E1B71E8}
		{FD58113E-57E4-484B-BF89-D8A3FEB0F374} = {02EA681E-C7D8-13C7-8484-4AC65E1B71E8}
		{048E7717-ADEF-4D22-AF86-961A015C7570} = {02EA681E-C7D8-13C7-8484-4AC65E1B71E8}
		{15C6E006-8379-46F7-9F3E-F0257A407514} = {B80DC028-145A-4ED9-900E-1E4AD5885251}
		{43328A73-5114-4E82-BB33-676F64B699F4} = {B80DC028-145A-4ED9-900E-1E4AD5885251}
		{DF4F3A42-6790-4684-AE2E-1975AB29FD74} = {FD58113E-57E4-484B-BF89-D8A3FEB0F374}
		{D2250FE0-9171-454C-BC22-5D9F163F6909} = {FD58113E-57E4-484B-BF89-D8A3FEB0F374}
		{2E9C7032-482B-4FC4-81AD-FA2D888AAF54} = {06F4C5D8-5535-46DB-BC3A-4A49CFAD3C92}
		{B6F1C3CE-C269-4B88-953B-A1DA045560F3} = {6D83E3C4-B8CA-4C9F-8DFF-B6091BFAF43F}
		{4C0E10FE-824C-46E9-A8E9-81028F2292AB} = {6D83E3C4-B8CA-4C9F-8DFF-B6091BFAF43F}
		{95ACB7A3-5957-45D8-AF8E-2C10B4459C98} = {048E7717-ADEF-4D22-AF86-961A015C7570}
	EndGlobalSection
	GlobalSection(ExtensibilityGlobals) = postSolution
		SolutionGuid = {76D77F96-C20B-4FE0-ADE4-59F11520BF2F}
	EndGlobalSection
EndGlobal
